// !$*UTF8*$!
{
	archiveVersion = 1;
	classes = {
	};
	objectVersion = 56;
	objects = {

/* Begin PBXBuildFile section */
		AEDF13CB29E9630600506CE1 /* AppDelegate.swift in Sources */ = {isa = PBXBuildFile; fileRef = AEDF13CA29E9630600506CE1 /* AppDelegate.swift */; };
		AEDF13CD29E9630600506CE1 /* SceneDelegate.swift in Sources */ = {isa = PBXBuildFile; fileRef = AEDF13CC29E9630600506CE1 /* SceneDelegate.swift */; };
		AEDF13D429E9630900506CE1 /* Assets.xcassets in Resources */ = {isa = PBXBuildFile; fileRef = AEDF13D329E9630900506CE1 /* Assets.xcassets */; };
		AEDF13D729E9630900506CE1 /* LaunchScreen.storyboard in Resources */ = {isa = PBXBuildFile; fileRef = AEDF13D529E9630900506CE1 /* LaunchScreen.storyboard */; };
		AEDF13DF29E964CC00506CE1 /* Config.xcconfig in Resources */ = {isa = PBXBuildFile; fileRef = AEDF13DE29E964C700506CE1 /* Config.xcconfig */; };
		AEDF13E529E9659300506CE1 /* NewsListViewController.swift in Sources */ = {isa = PBXBuildFile; fileRef = AEDF13E429E9659300506CE1 /* NewsListViewController.swift */; };
		AEDF13E729E9659E00506CE1 /* NewsList.storyboard in Resources */ = {isa = PBXBuildFile; fileRef = AEDF13E629E9659E00506CE1 /* NewsList.storyboard */; };
		AEDF13E929E965AF00506CE1 /* NewsListViewModel.swift in Sources */ = {isa = PBXBuildFile; fileRef = AEDF13E829E965AF00506CE1 /* NewsListViewModel.swift */; };
		AEDF13EB29E965BD00506CE1 /* NewsListCell.swift in Sources */ = {isa = PBXBuildFile; fileRef = AEDF13EA29E965BD00506CE1 /* NewsListCell.swift */; };
		AEDF13ED29E965CD00506CE1 /* NewsListCellViewModel.swift in Sources */ = {isa = PBXBuildFile; fileRef = AEDF13EC29E965CD00506CE1 /* NewsListCellViewModel.swift */; };
		AEDF13F029E9665200506CE1 /* APIManager.swift in Sources */ = {isa = PBXBuildFile; fileRef = AEDF13EF29E9665200506CE1 /* APIManager.swift */; };
		AEDF13F229E9694900506CE1 /* AppConstants.swift in Sources */ = {isa = PBXBuildFile; fileRef = AEDF13F129E9694900506CE1 /* AppConstants.swift */; };
		AEDF13F429E96FE300506CE1 /* NewsService.swift in Sources */ = {isa = PBXBuildFile; fileRef = AEDF13F329E96FE300506CE1 /* NewsService.swift */; };
		AEDF13F729E970F800506CE1 /* NewsArticle.swift in Sources */ = {isa = PBXBuildFile; fileRef = AEDF13F629E970F800506CE1 /* NewsArticle.swift */; };
		AEDF13F929E9716B00506CE1 /* NewsResponse.swift in Sources */ = {isa = PBXBuildFile; fileRef = AEDF13F829E9716B00506CE1 /* NewsResponse.swift */; };
		AEDF13FB29E9721900506CE1 /* NewsSource.swift in Sources */ = {isa = PBXBuildFile; fileRef = AEDF13FA29E9721900506CE1 /* NewsSource.swift */; };
		AEDF13FD29E973D800506CE1 /* APIRequest.swift in Sources */ = {isa = PBXBuildFile; fileRef = AEDF13FC29E973D800506CE1 /* APIRequest.swift */; };
		AEDF140029E97FBF00506CE1 /* String+FormattedDate.swift in Sources */ = {isa = PBXBuildFile; fileRef = AEDF13FF29E97FBF00506CE1 /* String+FormattedDate.swift */; };
		AEDF140329E988F000506CE1 /* NewsDetails.storyboard in Resources */ = {isa = PBXBuildFile; fileRef = AEDF140229E988EF00506CE1 /* NewsDetails.storyboard */; };
		AEDF140529E988F900506CE1 /* NewsDetailsViewController.swift in Sources */ = {isa = PBXBuildFile; fileRef = AEDF140429E988F900506CE1 /* NewsDetailsViewController.swift */; };
		AEDF140729E9890300506CE1 /* NewsDetailsViewModel.swift in Sources */ = {isa = PBXBuildFile; fileRef = AEDF140629E9890300506CE1 /* NewsDetailsViewModel.swift */; };
		AEDF140A29E98EB700506CE1 /* NewsWebViewController.swift in Sources */ = {isa = PBXBuildFile; fileRef = AEDF140929E98EB700506CE1 /* NewsWebViewController.swift */; };
		AEDF140C29E98EBF00506CE1 /* NewsWebView.storyboard in Resources */ = {isa = PBXBuildFile; fileRef = AEDF140B29E98EBF00506CE1 /* NewsWebView.storyboard */; };
/* End PBXBuildFile section */

/* Begin PBXFileReference section */
		AEDF13C729E9630600506CE1 /* NewsUK.app */ = {isa = PBXFileReference; explicitFileType = wrapper.application; includeInIndex = 0; path = NewsUK.app; sourceTree = BUILT_PRODUCTS_DIR; };
		AEDF13CA29E9630600506CE1 /* AppDelegate.swift */ = {isa = PBXFileReference; lastKnownFileType = sourcecode.swift; path = AppDelegate.swift; sourceTree = "<group>"; };
		AEDF13CC29E9630600506CE1 /* SceneDelegate.swift */ = {isa = PBXFileReference; lastKnownFileType = sourcecode.swift; path = SceneDelegate.swift; sourceTree = "<group>"; };
		AEDF13D329E9630900506CE1 /* Assets.xcassets */ = {isa = PBXFileReference; lastKnownFileType = folder.assetcatalog; path = Assets.xcassets; sourceTree = "<group>"; };
		AEDF13D629E9630900506CE1 /* Base */ = {isa = PBXFileReference; lastKnownFileType = file.storyboard; name = Base; path = Base.lproj/LaunchScreen.storyboard; sourceTree = "<group>"; };
		AEDF13D829E9630900506CE1 /* Info.plist */ = {isa = PBXFileReference; lastKnownFileType = text.plist.xml; path = Info.plist; sourceTree = "<group>"; };
		AEDF13DE29E964C700506CE1 /* Config.xcconfig */ = {isa = PBXFileReference; lastKnownFileType = text.xcconfig; path = Config.xcconfig; sourceTree = "<group>"; };
		AEDF13E429E9659300506CE1 /* NewsListViewController.swift */ = {isa = PBXFileReference; lastKnownFileType = sourcecode.swift; path = NewsListViewController.swift; sourceTree = "<group>"; };
		AEDF13E629E9659E00506CE1 /* NewsList.storyboard */ = {isa = PBXFileReference; lastKnownFileType = file.storyboard; path = NewsList.storyboard; sourceTree = "<group>"; };
		AEDF13E829E965AF00506CE1 /* NewsListViewModel.swift */ = {isa = PBXFileReference; lastKnownFileType = sourcecode.swift; path = NewsListViewModel.swift; sourceTree = "<group>"; };
		AEDF13EA29E965BD00506CE1 /* NewsListCell.swift */ = {isa = PBXFileReference; lastKnownFileType = sourcecode.swift; path = NewsListCell.swift; sourceTree = "<group>"; };
		AEDF13EC29E965CD00506CE1 /* NewsListCellViewModel.swift */ = {isa = PBXFileReference; lastKnownFileType = sourcecode.swift; path = NewsListCellViewModel.swift; sourceTree = "<group>"; };
		AEDF13EF29E9665200506CE1 /* APIManager.swift */ = {isa = PBXFileReference; lastKnownFileType = sourcecode.swift; path = APIManager.swift; sourceTree = "<group>"; };
		AEDF13F129E9694900506CE1 /* AppConstants.swift */ = {isa = PBXFileReference; lastKnownFileType = sourcecode.swift; path = AppConstants.swift; sourceTree = "<group>"; };
		AEDF13F329E96FE300506CE1 /* NewsService.swift */ = {isa = PBXFileReference; lastKnownFileType = sourcecode.swift; path = NewsService.swift; sourceTree = "<group>"; };
		AEDF13F629E970F800506CE1 /* NewsArticle.swift */ = {isa = PBXFileReference; lastKnownFileType = sourcecode.swift; path = NewsArticle.swift; sourceTree = "<group>"; };
		AEDF13F829E9716B00506CE1 /* NewsResponse.swift */ = {isa = PBXFileReference; lastKnownFileType = sourcecode.swift; path = NewsResponse.swift; sourceTree = "<group>"; };
		AEDF13FA29E9721900506CE1 /* NewsSource.swift */ = {isa = PBXFileReference; lastKnownFileType = sourcecode.swift; path = NewsSource.swift; sourceTree = "<group>"; };
		AEDF13FC29E973D800506CE1 /* APIRequest.swift */ = {isa = PBXFileReference; lastKnownFileType = sourcecode.swift; path = APIRequest.swift; sourceTree = "<group>"; };
		AEDF13FF29E97FBF00506CE1 /* String+FormattedDate.swift */ = {isa = PBXFileReference; lastKnownFileType = sourcecode.swift; path = "String+FormattedDate.swift"; sourceTree = "<group>"; };
		AEDF140229E988EF00506CE1 /* NewsDetails.storyboard */ = {isa = PBXFileReference; lastKnownFileType = file.storyboard; path = NewsDetails.storyboard; sourceTree = "<group>"; };
		AEDF140429E988F900506CE1 /* NewsDetailsViewController.swift */ = {isa = PBXFileReference; lastKnownFileType = sourcecode.swift; path = NewsDetailsViewController.swift; sourceTree = "<group>"; };
		AEDF140629E9890300506CE1 /* NewsDetailsViewModel.swift */ = {isa = PBXFileReference; lastKnownFileType = sourcecode.swift; path = NewsDetailsViewModel.swift; sourceTree = "<group>"; };
		AEDF140929E98EB700506CE1 /* NewsWebViewController.swift */ = {isa = PBXFileReference; lastKnownFileType = sourcecode.swift; path = NewsWebViewController.swift; sourceTree = "<group>"; };
		AEDF140B29E98EBF00506CE1 /* NewsWebView.storyboard */ = {isa = PBXFileReference; lastKnownFileType = file.storyboard; path = NewsWebView.storyboard; sourceTree = "<group>"; };
/* End PBXFileReference section */

/* Begin PBXFrameworksBuildPhase section */
		AEDF13C429E9630600506CE1 /* Frameworks */ = {
			isa = PBXFrameworksBuildPhase;
			buildActionMask = 2147483647;
			files = (
			);
			runOnlyForDeploymentPostprocessing = 0;
		};
/* End PBXFrameworksBuildPhase section */

/* Begin PBXGroup section */
		AEDF13BE29E9630600506CE1 = {
			isa = PBXGroup;
			children = (
				AEDF13C929E9630600506CE1 /* NewsUK */,
				AEDF13C829E9630600506CE1 /* Products */,
			);
			sourceTree = "<group>";
		};
		AEDF13C829E9630600506CE1 /* Products */ = {
			isa = PBXGroup;
			children = (
				AEDF13C729E9630600506CE1 /* NewsUK.app */,
			);
			name = Products;
			sourceTree = "<group>";
		};
		AEDF13C929E9630600506CE1 /* NewsUK */ = {
			isa = PBXGroup;
			children = (
				AEDF13CA29E9630600506CE1 /* AppDelegate.swift */,
				AEDF13CC29E9630600506CE1 /* SceneDelegate.swift */,
				AEDF13F129E9694900506CE1 /* AppConstants.swift */,
				AEDF13DE29E964C700506CE1 /* Config.xcconfig */,
				AEDF13D829E9630900506CE1 /* Info.plist */,
				AEDF13FE29E97FA800506CE1 /* Extensions */,
				AEDF13F529E970DE00506CE1 /* Models */,
				AEDF13EE29E9661500506CE1 /* API */,
				AEDF13E129E9652200506CE1 /* Screens */,
				AEDF13E029E964D900506CE1 /* Resources */,
			);
			path = NewsUK;
			sourceTree = "<group>";
		};
		AEDF13E029E964D900506CE1 /* Resources */ = {
			isa = PBXGroup;
			children = (
				AEDF13D329E9630900506CE1 /* Assets.xcassets */,
				AEDF13D529E9630900506CE1 /* LaunchScreen.storyboard */,
			);
			path = Resources;
			sourceTree = "<group>";
		};
		AEDF13E129E9652200506CE1 /* Screens */ = {
			isa = PBXGroup;
			children = (
				AEDF13E329E9657F00506CE1 /* NewsList */,
				AEDF140129E988E400506CE1 /* NewsDetails */,
				AEDF140829E98E9E00506CE1 /* NewsWebView */,
			);
			path = Screens;
			sourceTree = "<group>";
		};
		AEDF13E329E9657F00506CE1 /* NewsList */ = {
			isa = PBXGroup;
			children = (
				AEDF13E429E9659300506CE1 /* NewsListViewController.swift */,
				AEDF13E829E965AF00506CE1 /* NewsListViewModel.swift */,
				AEDF13EA29E965BD00506CE1 /* NewsListCell.swift */,
				AEDF13EC29E965CD00506CE1 /* NewsListCellViewModel.swift */,
				AEDF13E629E9659E00506CE1 /* NewsList.storyboard */,
			);
			path = NewsList;
			sourceTree = "<group>";
		};
		AEDF13EE29E9661500506CE1 /* API */ = {
			isa = PBXGroup;
			children = (
				AEDF13FC29E973D800506CE1 /* APIRequest.swift */,
				AEDF13EF29E9665200506CE1 /* APIManager.swift */,
				AEDF13F329E96FE300506CE1 /* NewsService.swift */,
			);
			path = API;
			sourceTree = "<group>";
		};
		AEDF13F529E970DE00506CE1 /* Models */ = {
			isa = PBXGroup;
			children = (
				AEDF13F629E970F800506CE1 /* NewsArticle.swift */,
				AEDF13F829E9716B00506CE1 /* NewsResponse.swift */,
				AEDF13FA29E9721900506CE1 /* NewsSource.swift */,
			);
			path = Models;
			sourceTree = "<group>";
		};
		AEDF13FE29E97FA800506CE1 /* Extensions */ = {
			isa = PBXGroup;
			children = (
				AEDF13FF29E97FBF00506CE1 /* String+FormattedDate.swift */,
			);
			path = Extensions;
			sourceTree = "<group>";
		};
		AEDF140129E988E400506CE1 /* NewsDetails */ = {
			isa = PBXGroup;
			children = (
				AEDF140229E988EF00506CE1 /* NewsDetails.storyboard */,
				AEDF140429E988F900506CE1 /* NewsDetailsViewController.swift */,
				AEDF140629E9890300506CE1 /* NewsDetailsViewModel.swift */,
			);
			path = NewsDetails;
			sourceTree = "<group>";
		};
		AEDF140829E98E9E00506CE1 /* NewsWebView */ = {
			isa = PBXGroup;
			children = (
				AEDF140929E98EB700506CE1 /* NewsWebViewController.swift */,
				AEDF140B29E98EBF00506CE1 /* NewsWebView.storyboard */,
			);
			path = NewsWebView;
			sourceTree = "<group>";
		};
/* End PBXGroup section */

/* Begin PBXNativeTarget section */
		AEDF13C629E9630600506CE1 /* NewsUK */ = {
			isa = PBXNativeTarget;
			buildConfigurationList = AEDF13DB29E9630900506CE1 /* Build configuration list for PBXNativeTarget "NewsUK" */;
			buildPhases = (
				AEDF13C329E9630600506CE1 /* Sources */,
				AEDF13C429E9630600506CE1 /* Frameworks */,
				AEDF13C529E9630600506CE1 /* Resources */,
			);
			buildRules = (
			);
			dependencies = (
			);
			name = NewsUK;
			productName = NewsUK;
			productReference = AEDF13C729E9630600506CE1 /* NewsUK.app */;
			productType = "com.apple.product-type.application";
		};
/* End PBXNativeTarget section */

/* Begin PBXProject section */
		AEDF13BF29E9630600506CE1 /* Project object */ = {
			isa = PBXProject;
			attributes = {
				BuildIndependentTargetsInParallel = 1;
				LastSwiftUpdateCheck = 1400;
				LastUpgradeCheck = 1400;
				TargetAttributes = {
					AEDF13C629E9630600506CE1 = {
						CreatedOnToolsVersion = 14.0;
					};
				};
			};
			buildConfigurationList = AEDF13C229E9630600506CE1 /* Build configuration list for PBXProject "NewsUK" */;
			compatibilityVersion = "Xcode 14.0";
			developmentRegion = en;
			hasScannedForEncodings = 0;
			knownRegions = (
				en,
				Base,
			);
			mainGroup = AEDF13BE29E9630600506CE1;
			productRefGroup = AEDF13C829E9630600506CE1 /* Products */;
			projectDirPath = "";
			projectRoot = "";
			targets = (
				AEDF13C629E9630600506CE1 /* NewsUK */,
			);
		};
/* End PBXProject section */

/* Begin PBXResourcesBuildPhase section */
		AEDF13C529E9630600506CE1 /* Resources */ = {
			isa = PBXResourcesBuildPhase;
			buildActionMask = 2147483647;
			files = (
				AEDF13DF29E964CC00506CE1 /* Config.xcconfig in Resources */,
				AEDF140C29E98EBF00506CE1 /* NewsWebView.storyboard in Resources */,
				AEDF13D729E9630900506CE1 /* LaunchScreen.storyboard in Resources */,
				AEDF13D429E9630900506CE1 /* Assets.xcassets in Resources */,
				AEDF13E729E9659E00506CE1 /* NewsList.storyboard in Resources */,
				AEDF140329E988F000506CE1 /* NewsDetails.storyboard in Resources */,
			);
			runOnlyForDeploymentPostprocessing = 0;
		};
/* End PBXResourcesBuildPhase section */

/* Begin PBXSourcesBuildPhase section */
		AEDF13C329E9630600506CE1 /* Sources */ = {
			isa = PBXSourcesBuildPhase;
			buildActionMask = 2147483647;
			files = (
				AEDF140529E988F900506CE1 /* NewsDetailsViewController.swift in Sources */,
				AEDF140029E97FBF00506CE1 /* String+FormattedDate.swift in Sources */,
				AEDF13E529E9659300506CE1 /* NewsListViewController.swift in Sources */,
				AEDF13EB29E965BD00506CE1 /* NewsListCell.swift in Sources */,
				AEDF140729E9890300506CE1 /* NewsDetailsViewModel.swift in Sources */,
				AEDF13FD29E973D800506CE1 /* APIRequest.swift in Sources */,
				AEDF13CB29E9630600506CE1 /* AppDelegate.swift in Sources */,
				AEDF13F729E970F800506CE1 /* NewsArticle.swift in Sources */,
				AEDF140A29E98EB700506CE1 /* NewsWebViewController.swift in Sources */,
				AEDF13F429E96FE300506CE1 /* NewsService.swift in Sources */,
				AEDF13FB29E9721900506CE1 /* NewsSource.swift in Sources */,
				AEDF13F229E9694900506CE1 /* AppConstants.swift in Sources */,
				AEDF13ED29E965CD00506CE1 /* NewsListCellViewModel.swift in Sources */,
				AEDF13CD29E9630600506CE1 /* SceneDelegate.swift in Sources */,
				AEDF13F929E9716B00506CE1 /* NewsResponse.swift in Sources */,
				AEDF13E929E965AF00506CE1 /* NewsListViewModel.swift in Sources */,
				AEDF13F029E9665200506CE1 /* APIManager.swift in Sources */,
			);
			runOnlyForDeploymentPostprocessing = 0;
		};
/* End PBXSourcesBuildPhase section */

/* Begin PBXVariantGroup section */
		AEDF13D529E9630900506CE1 /* LaunchScreen.storyboard */ = {
			isa = PBXVariantGroup;
			children = (
				AEDF13D629E9630900506CE1 /* Base */,
			);
			name = LaunchScreen.storyboard;
			sourceTree = "<group>";
		};
/* End PBXVariantGroup section */

/* Begin XCBuildConfiguration section */
		AEDF13D929E9630900506CE1 /* Debug */ = {
			isa = XCBuildConfiguration;
			buildSettings = {
				ALWAYS_SEARCH_USER_PATHS = NO;
				CLANG_ANALYZER_NONNULL = YES;
				CLANG_ANALYZER_NUMBER_OBJECT_CONVERSION = YES_AGGRESSIVE;
				CLANG_CXX_LANGUAGE_STANDARD = "gnu++20";
				CLANG_ENABLE_MODULES = YES;
				CLANG_ENABLE_OBJC_ARC = YES;
				CLANG_ENABLE_OBJC_WEAK = YES;
				CLANG_WARN_BLOCK_CAPTURE_AUTORELEASING = YES;
				CLANG_WARN_BOOL_CONVERSION = YES;
				CLANG_WARN_COMMA = YES;
				CLANG_WARN_CONSTANT_CONVERSION = YES;
				CLANG_WARN_DEPRECATED_OBJC_IMPLEMENTATIONS = YES;
				CLANG_WARN_DIRECT_OBJC_ISA_USAGE = YES_ERROR;
				CLANG_WARN_DOCUMENTATION_COMMENTS = YES;
				CLANG_WARN_EMPTY_BODY = YES;
				CLANG_WARN_ENUM_CONVERSION = YES;
				CLANG_WARN_INFINITE_RECURSION = YES;
				CLANG_WARN_INT_CONVERSION = YES;
				CLANG_WARN_NON_LITERAL_NULL_CONVERSION = YES;
				CLANG_WARN_OBJC_IMPLICIT_RETAIN_SELF = YES;
				CLANG_WARN_OBJC_LITERAL_CONVERSION = YES;
				CLANG_WARN_OBJC_ROOT_CLASS = YES_ERROR;
				CLANG_WARN_QUOTED_INCLUDE_IN_FRAMEWORK_HEADER = YES;
				CLANG_WARN_RANGE_LOOP_ANALYSIS = YES;
				CLANG_WARN_STRICT_PROTOTYPES = YES;
				CLANG_WARN_SUSPICIOUS_MOVE = YES;
				CLANG_WARN_UNGUARDED_AVAILABILITY = YES_AGGRESSIVE;
				CLANG_WARN_UNREACHABLE_CODE = YES;
				CLANG_WARN__DUPLICATE_METHOD_MATCH = YES;
				COPY_PHASE_STRIP = NO;
				DEBUG_INFORMATION_FORMAT = dwarf;
				ENABLE_STRICT_OBJC_MSGSEND = YES;
				ENABLE_TESTABILITY = YES;
				GCC_C_LANGUAGE_STANDARD = gnu11;
				GCC_DYNAMIC_NO_PIC = NO;
				GCC_NO_COMMON_BLOCKS = YES;
				GCC_OPTIMIZATION_LEVEL = 0;
				GCC_PREPROCESSOR_DEFINITIONS = (
					"DEBUG=1",
					"$(inherited)",
				);
				GCC_WARN_64_TO_32_BIT_CONVERSION = YES;
				GCC_WARN_ABOUT_RETURN_TYPE = YES_ERROR;
				GCC_WARN_UNDECLARED_SELECTOR = YES;
				GCC_WARN_UNINITIALIZED_AUTOS = YES_AGGRESSIVE;
				GCC_WARN_UNUSED_FUNCTION = YES;
				GCC_WARN_UNUSED_VARIABLE = YES;
				IPHONEOS_DEPLOYMENT_TARGET = 16.0;
				MTL_ENABLE_DEBUG_INFO = INCLUDE_SOURCE;
				MTL_FAST_MATH = YES;
				ONLY_ACTIVE_ARCH = YES;
				SDKROOT = iphoneos;
				SWIFT_ACTIVE_COMPILATION_CONDITIONS = DEBUG;
				SWIFT_OPTIMIZATION_LEVEL = "-Onone";
			};
			name = Debug;
		};
		AEDF13DA29E9630900506CE1 /* Release */ = {
			isa = XCBuildConfiguration;
			buildSettings = {
				ALWAYS_SEARCH_USER_PATHS = NO;
				CLANG_ANALYZER_NONNULL = YES;
				CLANG_ANALYZER_NUMBER_OBJECT_CONVERSION = YES_AGGRESSIVE;
				CLANG_CXX_LANGUAGE_STANDARD = "gnu++20";
				CLANG_ENABLE_MODULES = YES;
				CLANG_ENABLE_OBJC_ARC = YES;
				CLANG_ENABLE_OBJC_WEAK = YES;
				CLANG_WARN_BLOCK_CAPTURE_AUTORELEASING = YES;
				CLANG_WARN_BOOL_CONVERSION = YES;
				CLANG_WARN_COMMA = YES;
				CLANG_WARN_CONSTANT_CONVERSION = YES;
				CLANG_WARN_DEPRECATED_OBJC_IMPLEMENTATIONS = YES;
				CLANG_WARN_DIRECT_OBJC_ISA_USAGE = YES_ERROR;
				CLANG_WARN_DOCUMENTATION_COMMENTS = YES;
				CLANG_WARN_EMPTY_BODY = YES;
				CLANG_WARN_ENUM_CONVERSION = YES;
				CLANG_WARN_INFINITE_RECURSION = YES;
				CLANG_WARN_INT_CONVERSION = YES;
				CLANG_WARN_NON_LITERAL_NULL_CONVERSION = YES;
				CLANG_WARN_OBJC_IMPLICIT_RETAIN_SELF = YES;
				CLANG_WARN_OBJC_LITERAL_CONVERSION = YES;
				CLANG_WARN_OBJC_ROOT_CLASS = YES_ERROR;
				CLANG_WARN_QUOTED_INCLUDE_IN_FRAMEWORK_HEADER = YES;
				CLANG_WARN_RANGE_LOOP_ANALYSIS = YES;
				CLANG_WARN_STRICT_PROTOTYPES = YES;
				CLANG_WARN_SUSPICIOUS_MOVE = YES;
				CLANG_WARN_UNGUARDED_AVAILABILITY = YES_AGGRESSIVE;
				CLANG_WARN_UNREACHABLE_CODE = YES;
				CLANG_WARN__DUPLICATE_METHOD_MATCH = YES;
				COPY_PHASE_STRIP = NO;
				DEBUG_INFORMATION_FORMAT = "dwarf-with-dsym";
				ENABLE_NS_ASSERTIONS = NO;
				ENABLE_STRICT_OBJC_MSGSEND = YES;
				GCC_C_LANGUAGE_STANDARD = gnu11;
				GCC_NO_COMMON_BLOCKS = YES;
				GCC_WARN_64_TO_32_BIT_CONVERSION = YES;
				GCC_WARN_ABOUT_RETURN_TYPE = YES_ERROR;
				GCC_WARN_UNDECLARED_SELECTOR = YES;
				GCC_WARN_UNINITIALIZED_AUTOS = YES_AGGRESSIVE;
				GCC_WARN_UNUSED_FUNCTION = YES;
				GCC_WARN_UNUSED_VARIABLE = YES;
				IPHONEOS_DEPLOYMENT_TARGET = 16.0;
				MTL_ENABLE_DEBUG_INFO = NO;
				MTL_FAST_MATH = YES;
				SDKROOT = iphoneos;
				SWIFT_COMPILATION_MODE = wholemodule;
				SWIFT_OPTIMIZATION_LEVEL = "-O";
				VALIDATE_PRODUCT = YES;
			};
			name = Release;
		};
		AEDF13DC29E9630900506CE1 /* Debug */ = {
			isa = XCBuildConfiguration;
			baseConfigurationReference = AEDF13DE29E964C700506CE1 /* Config.xcconfig */;
			buildSettings = {
				ASSETCATALOG_COMPILER_APPICON_NAME = AppIcon;
				ASSETCATALOG_COMPILER_GLOBAL_ACCENT_COLOR_NAME = AccentColor;
				BASE_URL = "https://newsapi.org/v2/";
				CODE_SIGN_STYLE = Automatic;
				CURRENT_PROJECT_VERSION = 1;
				DEVELOPMENT_TEAM = H87DT32ZGT;
				GENERATE_INFOPLIST_FILE = YES;
				INFOPLIST_FILE = NewsUK/Info.plist;
				INFOPLIST_KEY_UIApplicationSupportsIndirectInputEvents = YES;
				INFOPLIST_KEY_UILaunchStoryboardName = LaunchScreen.storyboard;
				INFOPLIST_KEY_UIMainStoryboardFile = NewsList;
				INFOPLIST_KEY_UISupportedInterfaceOrientations = UIInterfaceOrientationPortrait;
				LD_RUNPATH_SEARCH_PATHS = (
					"$(inherited)",
					"@executable_path/Frameworks",
				);
				MARKETING_VERSION = 1.0;
				PRODUCT_BUNDLE_IDENTIFIER = com.vessy.NewsUK;
				PRODUCT_NAME = "$(TARGET_NAME)";
				SUPPORTED_PLATFORMS = "iphoneos iphonesimulator";
				SUPPORTS_MACCATALYST = NO;
				SUPPORTS_MAC_DESIGNED_FOR_IPHONE_IPAD = NO;
				SWIFT_EMIT_LOC_STRINGS = YES;
				SWIFT_VERSION = 5.0;
				TARGETED_DEVICE_FAMILY = 1;
			};
			name = Debug;
		};
		AEDF13DD29E9630900506CE1 /* Release */ = {
			isa = XCBuildConfiguration;
			baseConfigurationReference = AEDF13DE29E964C700506CE1 /* Config.xcconfig */;
			buildSettings = {
				ASSETCATALOG_COMPILER_APPICON_NAME = AppIcon;
				ASSETCATALOG_COMPILER_GLOBAL_ACCENT_COLOR_NAME = AccentColor;
				BASE_URL = "https://newsapi.org/v2/";
				CODE_SIGN_STYLE = Automatic;
				CURRENT_PROJECT_VERSION = 1;
				DEVELOPMENT_TEAM = H87DT32ZGT;
				GENERATE_INFOPLIST_FILE = YES;
				INFOPLIST_FILE = NewsUK/Info.plist;
				INFOPLIST_KEY_UIApplicationSupportsIndirectInputEvents = YES;
				INFOPLIST_KEY_UILaunchStoryboardName = LaunchScreen.storyboard;
				INFOPLIST_KEY_UIMainStoryboardFile = NewsList;
				INFOPLIST_KEY_UISupportedInterfaceOrientations = UIInterfaceOrientationPortrait;
				LD_RUNPATH_SEARCH_PATHS = (
					"$(inherited)",
					"@executable_path/Frameworks",
				);
				MARKETING_VERSION = 1.0;
				PRODUCT_BUNDLE_IDENTIFIER = com.vessy.NewsUK;
				PRODUCT_NAME = "$(TARGET_NAME)";
				SUPPORTED_PLATFORMS = "iphoneos iphonesimulator";
				SUPPORTS_MACCATALYST = NO;
				SUPPORTS_MAC_DESIGNED_FOR_IPHONE_IPAD = NO;
				SWIFT_EMIT_LOC_STRINGS = YES;
				SWIFT_VERSION = 5.0;
				TARGETED_DEVICE_FAMILY = 1;
			};
			name = Release;
		};
/* End XCBuildConfiguration section */

/* Begin XCConfigurationList section */
		AEDF13C229E9630600506CE1 /* Build configuration list for PBXProject "NewsUK" */ = {
			isa = XCConfigurationList;
			buildConfigurations = (
				AEDF13D929E9630900506CE1 /* Debug */,
				AEDF13DA29E9630900506CE1 /* Release */,
			);
			defaultConfigurationIsVisible = 0;
			defaultConfigurationName = Release;
		};
		AEDF13DB29E9630900506CE1 /* Build configuration list for PBXNativeTarget "NewsUK" */ = {
			isa = XCConfigurationList;
			buildConfigurations = (
				AEDF13DC29E9630900506CE1 /* Debug */,
				AEDF13DD29E9630900506CE1 /* Release */,
			);
			defaultConfigurationIsVisible = 0;
			defaultConfigurationName = Release;
		};
/* End XCConfigurationList section */
	};
	rootObject = AEDF13BF29E9630600506CE1 /* Project object */;
}
